header:
    version: 14
overrides:
    repos:
        bitbake:
            commit: f0df79b6b56f6a69067adf974978d9405077f246
        openembedded-core:
            commit: 883075157987ca300af59185b903d6d1977234c3
        meta-yocto:
            commit: ddeeba423ff0565b8f1192f16072b5993d5ea6a0
        meta-openembedded:
            commit: 47d7dbdd10890bbd429bc0cccbe14435c37e5af1
        meta-raspberrypi:
            commit: f62c67921474370829d24a4fa01ef88543f3906b
        meta-rauc:
            commit: 38da0e5866a953e664001ba90b5edad68d68cd5d
