header:
    version: 14
overrides:
    repos:
        bitbake:
            commit: 0ad6c1c34a5e07a5f8dd66ab248c1e7b37b69fa9
        openembedded-core:
            commit: f7397af248e1e338929d70a910b0fbc2341528ec
        meta-yocto:
            commit: 1b132647002eea43a2c7a7f857f63f42dacbc26c
        meta-openembedded:
            commit: 14282a02be9c74a1276a7cda7d6c89e054699a11
        meta-raspberrypi:
            commit: f62c67921474370829d24a4fa01ef88543f3906b
        meta-rauc:
            commit: 38da0e5866a953e664001ba90b5edad68d68cd5d
